// !$*UTF8*$!
{
	archiveVersion = 1;
	classes = {
	};
	objectVersion = 56;
	objects = {

/* Begin PBXBuildFile section */
		03D4D10C2B8B0A3A00FC8DF8 /* AppDelegate.swift in Sources */ = {isa = PBXBuildFile; fileRef = 03D4D10B2B8B0A3A00FC8DF8 /* AppDelegate.swift */; };
		03D4D10E2B8B0A3A00FC8DF8 /* SceneDelegate.swift in Sources */ = {isa = PBXBuildFile; fileRef = 03D4D10D2B8B0A3A00FC8DF8 /* SceneDelegate.swift */; };
		03D4D1132B8B0A3A00FC8DF8 /* Main.storyboard in Resources */ = {isa = PBXBuildFile; fileRef = 03D4D1112B8B0A3A00FC8DF8 /* Main.storyboard */; };
		03D4D1152B8B0A3B00FC8DF8 /* Assets.xcassets in Resources */ = {isa = PBXBuildFile; fileRef = 03D4D1142B8B0A3B00FC8DF8 /* Assets.xcassets */; };
		03D4D1182B8B0A3B00FC8DF8 /* LaunchScreen.storyboard in Resources */ = {isa = PBXBuildFile; fileRef = 03D4D1162B8B0A3B00FC8DF8 /* LaunchScreen.storyboard */; };
		03D4D1212B8B13D000FC8DF8 /* DashboardVC.swift in Sources */ = {isa = PBXBuildFile; fileRef = 03D4D1202B8B13D000FC8DF8 /* DashboardVC.swift */; };
		03D4D1232B8B140200FC8DF8 /* HamburgerVC.swift in Sources */ = {isa = PBXBuildFile; fileRef = 03D4D1222B8B140200FC8DF8 /* HamburgerVC.swift */; };
		03D4D1252B8B4DF100FC8DF8 /* MovieTableViewCell.swift in Sources */ = {isa = PBXBuildFile; fileRef = 03D4D1242B8B4DF100FC8DF8 /* MovieTableViewCell.swift */; };
/* End PBXBuildFile section */

/* Begin PBXFileReference section */
		03D4D1082B8B0A3A00FC8DF8 /* SideMenuProj.app */ = {isa = PBXFileReference; explicitFileType = wrapper.application; includeInIndex = 0; path = SideMenuProj.app; sourceTree = BUILT_PRODUCTS_DIR; };
		03D4D10B2B8B0A3A00FC8DF8 /* AppDelegate.swift */ = {isa = PBXFileReference; lastKnownFileType = sourcecode.swift; path = AppDelegate.swift; sourceTree = "<group>"; };
		03D4D10D2B8B0A3A00FC8DF8 /* SceneDelegate.swift */ = {isa = PBXFileReference; lastKnownFileType = sourcecode.swift; path = SceneDelegate.swift; sourceTree = "<group>"; };
		03D4D1122B8B0A3A00FC8DF8 /* Base */ = {isa = PBXFileReference; lastKnownFileType = file.storyboard; name = Base; path = Base.lproj/Main.storyboard; sourceTree = "<group>"; };
		03D4D1142B8B0A3B00FC8DF8 /* Assets.xcassets */ = {isa = PBXFileReference; lastKnownFileType = folder.assetcatalog; path = Assets.xcassets; sourceTree = "<group>"; };
		03D4D1172B8B0A3B00FC8DF8 /* Base */ = {isa = PBXFileReference; lastKnownFileType = file.storyboard; name = Base; path = Base.lproj/LaunchScreen.storyboard; sourceTree = "<group>"; };
		03D4D1192B8B0A3B00FC8DF8 /* Info.plist */ = {isa = PBXFileReference; lastKnownFileType = text.plist.xml; path = Info.plist; sourceTree = "<group>"; };
		03D4D1202B8B13D000FC8DF8 /* DashboardVC.swift */ = {isa = PBXFileReference; lastKnownFileType = sourcecode.swift; path = DashboardVC.swift; sourceTree = "<group>"; };
		03D4D1222B8B140200FC8DF8 /* HamburgerVC.swift */ = {isa = PBXFileReference; lastKnownFileType = sourcecode.swift; path = HamburgerVC.swift; sourceTree = "<group>"; };
		03D4D1242B8B4DF100FC8DF8 /* MovieTableViewCell.swift */ = {isa = PBXFileReference; fileEncoding = 4; lastKnownFileType = sourcecode.swift; path = MovieTableViewCell.swift; sourceTree = "<group>"; };
/* End PBXFileReference section */

/* Begin PBXFrameworksBuildPhase section */
		03D4D1052B8B0A3A00FC8DF8 /* Frameworks */ = {
			isa = PBXFrameworksBuildPhase;
			buildActionMask = 2147483647;
			files = (
			);
			runOnlyForDeploymentPostprocessing = 0;
		};
/* End PBXFrameworksBuildPhase section */

/* Begin PBXGroup section */
		03D4D0FF2B8B0A3A00FC8DF8 = {
			isa = PBXGroup;
			children = (
				03D4D10A2B8B0A3A00FC8DF8 /* SideMenuProj */,
				03D4D1092B8B0A3A00FC8DF8 /* Products */,
			);
			sourceTree = "<group>";
		};
		03D4D1092B8B0A3A00FC8DF8 /* Products */ = {
			isa = PBXGroup;
			children = (
				03D4D1082B8B0A3A00FC8DF8 /* SideMenuProj.app */,
			);
			name = Products;
			sourceTree = "<group>";
		};
		03D4D10A2B8B0A3A00FC8DF8 /* SideMenuProj */ = {
			isa = PBXGroup;
			children = (
				03D4D11F2B8B0A9400FC8DF8 /* SideMenu_1 */,
				03D4D10B2B8B0A3A00FC8DF8 /* AppDelegate.swift */,
				03D4D10D2B8B0A3A00FC8DF8 /* SceneDelegate.swift */,
				03D4D1112B8B0A3A00FC8DF8 /* Main.storyboard */,
				03D4D1142B8B0A3B00FC8DF8 /* Assets.xcassets */,
				03D4D1162B8B0A3B00FC8DF8 /* LaunchScreen.storyboard */,
				03D4D1192B8B0A3B00FC8DF8 /* Info.plist */,
			);
			path = SideMenuProj;
			sourceTree = "<group>";
		};
		03D4D11F2B8B0A9400FC8DF8 /* SideMenu_1 */ = {
			isa = PBXGroup;
			children = (
				03D4D1202B8B13D000FC8DF8 /* DashboardVC.swift */,
				03D4D1222B8B140200FC8DF8 /* HamburgerVC.swift */,
				03D4D1242B8B4DF100FC8DF8 /* MovieTableViewCell.swift */,
			);
			path = SideMenu_1;
			sourceTree = "<group>";
		};
/* End PBXGroup section */

/* Begin PBXNativeTarget section */
		03D4D1072B8B0A3A00FC8DF8 /* SideMenuProj */ = {
			isa = PBXNativeTarget;
			buildConfigurationList = 03D4D11C2B8B0A3B00FC8DF8 /* Build configuration list for PBXNativeTarget "SideMenuProj" */;
			buildPhases = (
				03D4D1042B8B0A3A00FC8DF8 /* Sources */,
				03D4D1052B8B0A3A00FC8DF8 /* Frameworks */,
				03D4D1062B8B0A3A00FC8DF8 /* Resources */,
			);
			buildRules = (
			);
			dependencies = (
			);
			name = SideMenuProj;
			productName = SideMenuProj;
			productReference = 03D4D1082B8B0A3A00FC8DF8 /* SideMenuProj.app */;
			productType = "com.apple.product-type.application";
		};
/* End PBXNativeTarget section */

/* Begin PBXProject section */
		03D4D1002B8B0A3A00FC8DF8 /* Project object */ = {
			isa = PBXProject;
			attributes = {
				BuildIndependentTargetsInParallel = 1;
				LastSwiftUpdateCheck = 1500;
				LastUpgradeCheck = 1500;
				TargetAttributes = {
					03D4D1072B8B0A3A00FC8DF8 = {
						CreatedOnToolsVersion = 15.0;
					};
				};
			};
			buildConfigurationList = 03D4D1032B8B0A3A00FC8DF8 /* Build configuration list for PBXProject "SideMenuProj" */;
			compatibilityVersion = "Xcode 14.0";
			developmentRegion = en;
			hasScannedForEncodings = 0;
			knownRegions = (
				en,
				Base,
			);
			mainGroup = 03D4D0FF2B8B0A3A00FC8DF8;
			productRefGroup = 03D4D1092B8B0A3A00FC8DF8 /* Products */;
			projectDirPath = "";
			projectRoot = "";
			targets = (
				03D4D1072B8B0A3A00FC8DF8 /* SideMenuProj */,
			);
		};
/* End PBXProject section */

/* Begin PBXResourcesBuildPhase section */
		03D4D1062B8B0A3A00FC8DF8 /* Resources */ = {
			isa = PBXResourcesBuildPhase;
			buildActionMask = 2147483647;
			files = (
				03D4D1182B8B0A3B00FC8DF8 /* LaunchScreen.storyboard in Resources */,
				03D4D1152B8B0A3B00FC8DF8 /* Assets.xcassets in Resources */,
				03D4D1132B8B0A3A00FC8DF8 /* Main.storyboard in Resources */,
			);
			runOnlyForDeploymentPostprocessing = 0;
		};
/* End PBXResourcesBuildPhase section */

/* Begin PBXSourcesBuildPhase section */
		03D4D1042B8B0A3A00FC8DF8 /* Sources */ = {
			isa = PBXSourcesBuildPhase;
			buildActionMask = 2147483647;
			files = (
				03D4D1252B8B4DF100FC8DF8 /* MovieTableViewCell.swift in Sources */,
				03D4D10C2B8B0A3A00FC8DF8 /* AppDelegate.swift in Sources */,
				03D4D1212B8B13D000FC8DF8 /* DashboardVC.swift in Sources */,
				03D4D1232B8B140200FC8DF8 /* HamburgerVC.swift in Sources */,
				03D4D10E2B8B0A3A00FC8DF8 /* SceneDelegate.swift in Sources */,
			);
			runOnlyForDeploymentPostprocessing = 0;
		};
/* End PBXSourcesBuildPhase section */

/* Begin PBXVariantGroup section */
		03D4D1112B8B0A3A00FC8DF8 /* Main.storyboard */ = {
			isa = PBXVariantGroup;
			children = (
				03D4D1122B8B0A3A00FC8DF8 /* Base */,
			);
			name = Main.storyboard;
			sourceTree = "<group>";
		};
		03D4D1162B8B0A3B00FC8DF8 /* LaunchScreen.storyboard */ = {
			isa = PBXVariantGroup;
			children = (
				03D4D1172B8B0A3B00FC8DF8 /* Base */,
			);
			name = LaunchScreen.storyboard;
			sourceTree = "<group>";
		};
/* End PBXVariantGroup section */

/* Begin XCBuildConfiguration section */
		03D4D11A2B8B0A3B00FC8DF8 /* Debug */ = {
			isa = XCBuildConfiguration;
			buildSettings = {
				ALWAYS_SEARCH_USER_PATHS = NO;
				ASSETCATALOG_COMPILER_GENERATE_SWIFT_ASSET_SYMBOL_EXTENSIONS = YES;
				CLANG_ANALYZER_NONNULL = YES;
				CLANG_ANALYZER_NUMBER_OBJECT_CONVERSION = YES_AGGRESSIVE;
				CLANG_CXX_LANGUAGE_STANDARD = "gnu++20";
				CLANG_ENABLE_MODULES = YES;
				CLANG_ENABLE_OBJC_ARC = YES;
				CLANG_ENABLE_OBJC_WEAK = YES;
				CLANG_WARN_BLOCK_CAPTURE_AUTORELEASING = YES;
				CLANG_WARN_BOOL_CONVERSION = YES;
				CLANG_WARN_COMMA = YES;
				CLANG_WARN_CONSTANT_CONVERSION = YES;
				CLANG_WARN_DEPRECATED_OBJC_IMPLEMENTATIONS = YES;
				CLANG_WARN_DIRECT_OBJC_ISA_USAGE = YES_ERROR;
				CLANG_WARN_DOCUMENTATION_COMMENTS = YES;
				CLANG_WARN_EMPTY_BODY = YES;
				CLANG_WARN_ENUM_CONVERSION = YES;
				CLANG_WARN_INFINITE_RECURSION = YES;
				CLANG_WARN_INT_CONVERSION = YES;
				CLANG_WARN_NON_LITERAL_NULL_CONVERSION = YES;
				CLANG_WARN_OBJC_IMPLICIT_RETAIN_SELF = YES;
				CLANG_WARN_OBJC_LITERAL_CONVERSION = YES;
				CLANG_WARN_OBJC_ROOT_CLASS = YES_ERROR;
				CLANG_WARN_QUOTED_INCLUDE_IN_FRAMEWORK_HEADER = YES;
				CLANG_WARN_RANGE_LOOP_ANALYSIS = YES;
				CLANG_WARN_STRICT_PROTOTYPES = YES;
				CLANG_WARN_SUSPICIOUS_MOVE = YES;
				CLANG_WARN_UNGUARDED_AVAILABILITY = YES_AGGRESSIVE;
				CLANG_WARN_UNREACHABLE_CODE = YES;
				CLANG_WARN__DUPLICATE_METHOD_MATCH = YES;
				COPY_PHASE_STRIP = NO;
				DEBUG_INFORMATION_FORMAT = dwarf;
				ENABLE_STRICT_OBJC_MSGSEND = YES;
				ENABLE_TESTABILITY = YES;
				ENABLE_USER_SCRIPT_SANDBOXING = YES;
				GCC_C_LANGUAGE_STANDARD = gnu17;
				GCC_DYNAMIC_NO_PIC = NO;
				GCC_NO_COMMON_BLOCKS = YES;
				GCC_OPTIMIZATION_LEVEL = 0;
				GCC_PREPROCESSOR_DEFINITIONS = (
					"DEBUG=1",
					"$(inherited)",
				);
				GCC_WARN_64_TO_32_BIT_CONVERSION = YES;
				GCC_WARN_ABOUT_RETURN_TYPE = YES_ERROR;
				GCC_WARN_UNDECLARED_SELECTOR = YES;
				GCC_WARN_UNINITIALIZED_AUTOS = YES_AGGRESSIVE;
				GCC_WARN_UNUSED_FUNCTION = YES;
				GCC_WARN_UNUSED_VARIABLE = YES;
				IPHONEOS_DEPLOYMENT_TARGET = 17.0;
				LOCALIZATION_PREFERS_STRING_CATALOGS = YES;
				MTL_ENABLE_DEBUG_INFO = INCLUDE_SOURCE;
				MTL_FAST_MATH = YES;
				ONLY_ACTIVE_ARCH = YES;
				SDKROOT = iphoneos;
				SWIFT_ACTIVE_COMPILATION_CONDITIONS = "DEBUG $(inherited)";
				SWIFT_OPTIMIZATION_LEVEL = "-Onone";
			};
			name = Debug;
		};
		03D4D11B2B8B0A3B00FC8DF8 /* Release */ = {
			isa = XCBuildConfiguration;
			buildSettings = {
				ALWAYS_SEARCH_USER_PATHS = NO;
				ASSETCATALOG_COMPILER_GENERATE_SWIFT_ASSET_SYMBOL_EXTENSIONS = YES;
				CLANG_ANALYZER_NONNULL = YES;
				CLANG_ANALYZER_NUMBER_OBJECT_CONVERSION = YES_AGGRESSIVE;
				CLANG_CXX_LANGUAGE_STANDARD = "gnu++20";
				CLANG_ENABLE_MODULES = YES;
				CLANG_ENABLE_OBJC_ARC = YES;
				CLANG_ENABLE_OBJC_WEAK = YES;
				CLANG_WARN_BLOCK_CAPTURE_AUTORELEASING = YES;
				CLANG_WARN_BOOL_CONVERSION = YES;
				CLANG_WARN_COMMA = YES;
				CLANG_WARN_CONSTANT_CONVERSION = YES;
				CLANG_WARN_DEPRECATED_OBJC_IMPLEMENTATIONS = YES;
				CLANG_WARN_DIRECT_OBJC_ISA_USAGE = YES_ERROR;
				CLANG_WARN_DOCUMENTATION_COMMENTS = YES;
				CLANG_WARN_EMPTY_BODY = YES;
				CLANG_WARN_ENUM_CONVERSION = YES;
				CLANG_WARN_INFINITE_RECURSION = YES;
				CLANG_WARN_INT_CONVERSION = YES;
				CLANG_WARN_NON_LITERAL_NULL_CONVERSION = YES;
				CLANG_WARN_OBJC_IMPLICIT_RETAIN_SELF = YES;
				CLANG_WARN_OBJC_LITERAL_CONVERSION = YES;
				CLANG_WARN_OBJC_ROOT_CLASS = YES_ERROR;
				CLANG_WARN_QUOTED_INCLUDE_IN_FRAMEWORK_HEADER = YES;
				CLANG_WARN_RANGE_LOOP_ANALYSIS = YES;
				CLANG_WARN_STRICT_PROTOTYPES = YES;
				CLANG_WARN_SUSPICIOUS_MOVE = YES;
				CLANG_WARN_UNGUARDED_AVAILABILITY = YES_AGGRESSIVE;
				CLANG_WARN_UNREACHABLE_CODE = YES;
				CLANG_WARN__DUPLICATE_METHOD_MATCH = YES;
				COPY_PHASE_STRIP = NO;
				DEBUG_INFORMATION_FORMAT = "dwarf-with-dsym";
				ENABLE_NS_ASSERTIONS = NO;
				ENABLE_STRICT_OBJC_MSGSEND = YES;
				ENABLE_USER_SCRIPT_SANDBOXING = YES;
				GCC_C_LANGUAGE_STANDARD = gnu17;
				GCC_NO_COMMON_BLOCKS = YES;
				GCC_WARN_64_TO_32_BIT_CONVERSION = YES;
				GCC_WARN_ABOUT_RETURN_TYPE = YES_ERROR;
				GCC_WARN_UNDECLARED_SELECTOR = YES;
				GCC_WARN_UNINITIALIZED_AUTOS = YES_AGGRESSIVE;
				GCC_WARN_UNUSED_FUNCTION = YES;
				GCC_WARN_UNUSED_VARIABLE = YES;
				IPHONEOS_DEPLOYMENT_TARGET = 17.0;
				LOCALIZATION_PREFERS_STRING_CATALOGS = YES;
				MTL_ENABLE_DEBUG_INFO = NO;
				MTL_FAST_MATH = YES;
				SDKROOT = iphoneos;
				SWIFT_COMPILATION_MODE = wholemodule;
				VALIDATE_PRODUCT = YES;
			};
			name = Release;
		};
		03D4D11D2B8B0A3B00FC8DF8 /* Debug */ = {
			isa = XCBuildConfiguration;
			buildSettings = {
				ASSETCATALOG_COMPILER_APPICON_NAME = AppIcon;
				ASSETCATALOG_COMPILER_GLOBAL_ACCENT_COLOR_NAME = AccentColor;
				CODE_SIGN_STYLE = Automatic;
				CURRENT_PROJECT_VERSION = 1;
				DEVELOPMENT_TEAM = LG326N5GCW;
				GENERATE_INFOPLIST_FILE = YES;
				INFOPLIST_FILE = SideMenuProj/Info.plist;
				INFOPLIST_KEY_UIApplicationSupportsIndirectInputEvents = YES;
				INFOPLIST_KEY_UILaunchStoryboardName = LaunchScreen;
				INFOPLIST_KEY_UIMainStoryboardFile = Main;
				INFOPLIST_KEY_UISupportedInterfaceOrientations_iPad = "UIInterfaceOrientationPortrait UIInterfaceOrientationPortraitUpsideDown UIInterfaceOrientationLandscapeLeft UIInterfaceOrientationLandscapeRight";
				INFOPLIST_KEY_UISupportedInterfaceOrientations_iPhone = "UIInterfaceOrientationPortrait UIInterfaceOrientationLandscapeLeft UIInterfaceOrientationLandscapeRight";
				LD_RUNPATH_SEARCH_PATHS = (
					"$(inherited)",
					"@executable_path/Frameworks",
				);
				MARKETING_VERSION = 1.0;
				PRODUCT_BUNDLE_IDENTIFIER = com.demo.SideMenuProj;
				PRODUCT_NAME = "$(TARGET_NAME)";
				SWIFT_EMIT_LOC_STRINGS = YES;
				SWIFT_VERSION = 5.0;
				TARGETED_DEVICE_FAMILY = "1,2";
			};
			name = Debug;
		};
		03D4D11E2B8B0A3B00FC8DF8 /* Release */ = {
			isa = XCBuildConfiguration;
			buildSettings = {
				ASSETCATALOG_COMPILER_APPICON_NAME = AppIcon;
				ASSETCATALOG_COMPILER_GLOBAL_ACCENT_COLOR_NAME = AccentColor;
				CODE_SIGN_STYLE = Automatic;
				CURRENT_PROJECT_VERSION = 1;
				DEVELOPMENT_TEAM = LG326N5GCW;
				GENERATE_INFOPLIST_FILE = YES;
				INFOPLIST_FILE = SideMenuProj/Info.plist;
				INFOPLIST_KEY_UIApplicationSupportsIndirectInputEvents = YES;
				INFOPLIST_KEY_UILaunchStoryboardName = LaunchScreen;
				INFOPLIST_KEY_UIMainStoryboardFile = Main;
				INFOPLIST_KEY_UISupportedInterfaceOrientations_iPad = "UIInterfaceOrientationPortrait UIInterfaceOrientationPortraitUpsideDown UIInterfaceOrientationLandscapeLeft UIInterfaceOrientationLandscapeRight";
				INFOPLIST_KEY_UISupportedInterfaceOrientations_iPhone = "UIInterfaceOrientationPortrait UIInterfaceOrientationLandscapeLeft UIInterfaceOrientationLandscapeRight";
				LD_RUNPATH_SEARCH_PATHS = (
					"$(inherited)",
					"@executable_path/Frameworks",
				);
				MARKETING_VERSION = 1.0;
				PRODUCT_BUNDLE_IDENTIFIER = com.demo.SideMenuProj;
				PRODUCT_NAME = "$(TARGET_NAME)";
				SWIFT_EMIT_LOC_STRINGS = YES;
				SWIFT_VERSION = 5.0;
				TARGETED_DEVICE_FAMILY = "1,2";
			};
			name = Release;
		};
/* End XCBuildConfiguration section */

/* Begin XCConfigurationList section */
		03D4D1032B8B0A3A00FC8DF8 /* Build configuration list for PBXProject "SideMenuProj" */ = {
			isa = XCConfigurationList;
			buildConfigurations = (
				03D4D11A2B8B0A3B00FC8DF8 /* Debug */,
				03D4D11B2B8B0A3B00FC8DF8 /* Release */,
			);
			defaultConfigurationIsVisible = 0;
			defaultConfigurationName = Release;
		};
		03D4D11C2B8B0A3B00FC8DF8 /* Build configuration list for PBXNativeTarget "SideMenuProj" */ = {
			isa = XCConfigurationList;
			buildConfigurations = (
				03D4D11D2B8B0A3B00FC8DF8 /* Debug */,
				03D4D11E2B8B0A3B00FC8DF8 /* Release */,
			);
			defaultConfigurationIsVisible = 0;
			defaultConfigurationName = Release;
		};
/* End XCConfigurationList section */
	};
	rootObject = 03D4D1002B8B0A3A00FC8DF8 /* Project object */;
}
